{
  "version": "5",
  "specifiers": {
    "jsr:@std/assert@1": "1.0.14",
    "jsr:@std/assert@^1.0.13": "1.0.14",
    "jsr:@std/assert@^1.0.14": "1.0.14",
    "jsr:@std/data-structures@^1.0.9": "1.0.9",
    "jsr:@std/expect@*": "1.0.17",
    "jsr:@std/expect@^1.0.17": "1.0.17",
    "jsr:@std/fs@^1.0.19": "1.0.19",
    "jsr:@std/internal@^1.0.10": "1.0.10",
    "jsr:@std/internal@^1.0.9": "1.0.10",
    "jsr:@std/path@^1.1.1": "1.1.1",
    "jsr:@std/testing@*": "1.0.15",
    "jsr:@std/testing@^1.0.15": "1.0.15",
    "npm:chroma-js@^3.1.2": "3.1.2",
    "npm:commander@14": "14.0.0",
    "npm:d3-delaunay@*": "6.0.4",
    "npm:d3-delaunay@^6.0.4": "6.0.4",
    "npm:h3-js@^4.2.1": "4.2.1"
  },
  "jsr": {
    "@std/assert@1.0.14": {
      "integrity": "68d0d4a43b365abc927f45a9b85c639ea18a9fab96ad92281e493e4ed84abaa4",
      "dependencies": [
        "jsr:@std/internal@^1.0.10"
      ]
    },
    "@std/data-structures@1.0.9": {
      "integrity": "033d6e17e64bf1f84a614e647c1b015fa2576ae3312305821e1a4cb20674bb4d"
    },
    "@std/expect@1.0.17": {
      "integrity": "316b47dd65c33e3151344eb3267bf42efba17d1415425f07ed96185d67fc04d9",
      "dependencies": [
        "jsr:@std/assert@^1.0.14",
        "jsr:@std/internal@^1.0.10"
      ]
    },
    "@std/fs@1.0.19": {
      "integrity": "051968c2b1eae4d2ea9f79a08a3845740ef6af10356aff43d3e2ef11ed09fb06",
      "dependencies": [
        "jsr:@std/path"
      ]
    },
    "@std/internal@1.0.10": {
      "integrity": "e3be62ce42cab0e177c27698e5d9800122f67b766a0bea6ca4867886cbde8cf7"
    },
    "@std/path@1.1.1": {
      "integrity": "fe00026bd3a7e6a27f73709b83c607798be40e20c81dde655ce34052fd82ec76",
      "dependencies": [
        "jsr:@std/internal@^1.0.9"
      ]
    },
    "@std/testing@1.0.15": {
      "integrity": "a490169f5ccb0f3ae9c94fbc69d2cd43603f2cffb41713a85f99bbb0e3087cbc",
      "dependencies": [
        "jsr:@std/assert@^1.0.13",
        "jsr:@std/data-structures",
        "jsr:@std/fs",
        "jsr:@std/internal@^1.0.10",
        "jsr:@std/path"
      ]
    }
  },
  "npm": {
    "chroma-js@3.1.2": {
      "integrity": "sha512-IJnETTalXbsLx1eKEgx19d5L6SRM7cH4vINw/99p/M11HCuXGRWL+6YmCm7FWFGIo6dtWuQoQi1dc5yQ7ESIHg=="
    },
    "commander@14.0.0": {
      "integrity": "sha512-2uM9rYjPvyq39NwLRqaiLtWHyDC1FvryJDa2ATTVims5YAS4PupsEQsDvP14FqhFr0P49CYDugi59xaxJlTXRA=="
    },
    "d3-delaunay@6.0.4": {
      "integrity": "sha512-mdjtIZ1XLAM8bm/hx3WwjfHt6Sggek7qH043O8KEjDXN40xi3vx/6pYSVTwLjEgiXQTbvaouWKynLBiUZ6SK6A==",
      "dependencies": [
        "delaunator"
      ]
    },
    "delaunator@5.0.1": {
      "integrity": "sha512-8nvh+XBe96aCESrGOqMp/84b13H9cdKbG5P2ejQCh4d4sK9RL4371qou9drQjMhvnPmhWl5hnmqbEE0fXr9Xnw==",
      "dependencies": [
        "robust-predicates"
      ]
    },
    "h3-js@4.2.1": {
      "integrity": "sha512-HYiUrq5qTRFqMuQu3jEHqxXLk1zsSJiby9Lja/k42wHjabZG7tN9rOuzT/PEFf+Wa7rsnHLMHRWIu0mgcJ0ewQ=="
    },
    "robust-predicates@3.0.2": {
      "integrity": "sha512-IXgzBWvWQwE6PrDI05OvmXUIruQTcoMDzRsOd5CDvHCVLcLHMTSYvOK5Cm46kWqlV3yAbuSpBZdJ5oP5OUoStg=="
    }
  },
  "workspace": {
    "dependencies": [
      "jsr:@std/assert@1",
      "jsr:@std/expect@^1.0.17",
      "jsr:@std/testing@^1.0.15",
      "npm:chroma-js@^3.1.2",
      "npm:commander@14",
      "npm:d3-delaunay@^6.0.4",
      "npm:h3-js@^4.2.1"
    ]
  }
}
